
Microsoft Visual Studio Solution File, Format Version 12.00
# Visual Studio Version 16
VisualStudioVersion = 16.0.30002.166
MinimumVisualStudioVersion = 10.0.40219.1
Project("{9A19103F-16F7-4668-BE54-9A1E7A4F7556}") = "Library", "Library\Library.csproj", "{30279FEF-0A5C-46E6-AAD2-5FF80F36784D}"
EndProject
Project("{9A19103F-16F7-4668-BE54-9A1E7A4F7556}") = "Library.Data", "LibraryData\Library.Data.csproj", "{2511E643-C492-4B31-9286-86BE347A7C8F}"
EndProject
Project("{9A19103F-16F7-4668-BE54-9A1E7A4F7556}") = "Library.Services", "LibraryServices\Library.Services.csproj", "{FCABCE13-56B9-4B6A-9407-0C2FFAD3FD6C}"
EndProject
Project("{FAE04EC0-301F-11D3-BF4B-00C04F79EFBC}") = "Library.Tests", "Library.Tests\Library.Tests.csproj", "{6E5288A6-B492-419F-B88A-3B9ADC2BC443}"
EndProject
Global
	GlobalSection(SolutionConfigurationPlatforms) = preSolution
		Debug|Any CPU = Debug|Any CPU
		Release|Any CPU = Release|Any CPU
	EndGlobalSection
	GlobalSection(ProjectConfigurationPlatforms) = postSolution
		{30279FEF-0A5C-46E6-AAD2-5FF80F36784D}.Debug|Any CPU.ActiveCfg = Debug|Any CPU
		{30279FEF-0A5C-46E6-AAD2-5FF80F36784D}.Debug|Any CPU.Build.0 = Debug|Any CPU
		{30279FEF-0A5C-46E6-AAD2-5FF80F36784D}.Release|Any CPU.ActiveCfg = Release|Any CPU
		{30279FEF-0A5C-46E6-AAD2-5FF80F36784D}.Release|Any CPU.Build.0 = Release|Any CPU
		{2511E643-C492-4B31-9286-86BE347A7C8F}.Debug|Any CPU.ActiveCfg = Debug|Any CPU
		{2511E643-C492-4B31-9286-86BE347A7C8F}.Debug|Any CPU.Build.0 = Debug|Any CPU
		{2511E643-C492-4B31-9286-86BE347A7C8F}.Release|Any CPU.ActiveCfg = Release|Any CPU
		{2511E643-C492-4B31-9286-86BE347A7C8F}.Release|Any CPU.Build.0 = Release|Any CPU
		{FCABCE13-56B9-4B6A-9407-0C2FFAD3FD6C}.Debug|Any CPU.ActiveCfg = Debug|Any CPU
		{FCABCE13-56B9-4B6A-9407-0C2FFAD3FD6C}.Debug|Any CPU.Build.0 = Debug|Any CPU
		{FCABCE13-56B9-4B6A-9407-0C2FFAD3FD6C}.Release|Any CPU.ActiveCfg = Release|Any CPU
		{FCABCE13-56B9-4B6A-9407-0C2FFAD3FD6C}.Release|Any CPU.Build.0 = Release|Any CPU
		{6E5288A6-B492-419F-B88A-3B9ADC2BC443}.Debug|Any CPU.ActiveCfg = Debug|Any CPU
		{6E5288A6-B492-419F-B88A-3B9ADC2BC443}.Debug|Any CPU.Build.0 = Debug|Any CPU
		{6E5288A6-B492-419F-B88A-3B9ADC2BC443}.Release|Any CPU.ActiveCfg = Release|Any CPU
		{6E5288A6-B492-419F-B88A-3B9ADC2BC443}.Release|Any CPU.Build.0 = Release|Any CPU
	EndGlobalSection
	GlobalSection(SolutionProperties) = preSolution
		HideSolutionNode = FALSE
	EndGlobalSection
	GlobalSection(ExtensibilityGlobals) = postSolution
		SolutionGuid = {E550B4AE-CDFB-4A9C-B2DA-122DCDD9146B}
	EndGlobalSection
EndGlobal
